
Microsoft Visual Studio Solution File, Format Version 12.00
# Visual Studio Version 17
VisualStudioVersion = 17.1.32228.430
MinimumVisualStudioVersion = 10.0.40219.1
Project("{9A19103F-16F7-4668-BE54-9A1E7A4F7556}") = "1-PrimeiroProjeto", "1-PrimeiroProjeto\1-PrimeiroProjeto.csproj", "{D01EBA6A-D1F5-43B9-94B9-685B8514C000}"
EndProject
Project("{9A19103F-16F7-4668-BE54-9A1E7A4F7556}") = "2-CriandoVariaveis", "2-CriandoVariaveis\2-CriandoVariaveis.csproj", "{C0521254-69B8-42C9-9C5A-C0AFB3CD077B}"
EndProject
Project("{9A19103F-16F7-4668-BE54-9A1E7A4F7556}") = "3-CriandoVariaveisPontoFlutuante", "3-CriandoVariaveisPontoFlutuante\3-CriandoVariaveisPontoFlutuante.csproj", "{0DF11AC7-3049-458F-B8FD-5412123905DD}"
EndProject
Project("{9A19103F-16F7-4668-BE54-9A1E7A4F7556}") = "4-ConversoesEOutrosTiposNumericos", "4-ConversoesEOutrosTiposNumericos\4-ConversoesEOutrosTiposNumericos.csproj", "{C851B570-FABB-49A5-ADB1-1CB2AD45F3BA}"
EndProject
Project("{9A19103F-16F7-4668-BE54-9A1E7A4F7556}") = "5-CaracteresETextos", "5-CaracteresETextos\5-CaracteresETextos.csproj", "{B5FC9E20-8C60-4C14-A939-63E1285BC3E5}"
EndProject
Project("{9A19103F-16F7-4668-BE54-9A1E7A4F7556}") = "6 -AtribuiçõesDeVariaveis", "6 -AtribuiçõesDeVariaveis\6 -AtribuiçõesDeVariaveis.csproj", "{214BFE19-DE6F-44D9-A265-F421E7E009B3}"
EndProject
Project("{9A19103F-16F7-4668-BE54-9A1E7A4F7556}") = "7-Condicionais", "7-Condicionais\7-Condicionais.csproj", "{54EE45F2-59FF-400B-9C72-7688FBF07B3C}"
EndProject
Project("{9A19103F-16F7-4668-BE54-9A1E7A4F7556}") = "8-Condicionais2", "8-Condicionais2\8-Condicionais2.csproj", "{24AAFFE3-DFB2-465A-9105-81693BBB3662}"
EndProject
Project("{9A19103F-16F7-4668-BE54-9A1E7A4F7556}") = "9-Escopo", "9-Escopo\9-Escopo.csproj", "{4DCEC87C-ACB9-4809-AF41-8F085010E64E}"
EndProject
Project("{9A19103F-16F7-4668-BE54-9A1E7A4F7556}") = "P10-CalculaPoupanca", "P10-CalculaPoupanca\P10-CalculaPoupanca.csproj", "{DCC44B26-991A-482B-B4BB-A1A0AB0C6AFD}"
EndProject
Project("{FAE04EC0-301F-11D3-BF4B-00C04F79EFBC}") = "P11-LacoForCalculaPoupanca", "P11-LacoForCalculaPoupanca\P11-LacoForCalculaPoupanca.csproj", "{0F4C3221-12DF-46C0-A5C7-F1ED23293019}"
EndProject
Global
	GlobalSection(SolutionConfigurationPlatforms) = preSolution
		Debug|Any CPU = Debug|Any CPU
		Release|Any CPU = Release|Any CPU
	EndGlobalSection
	GlobalSection(ProjectConfigurationPlatforms) = postSolution
		{D01EBA6A-D1F5-43B9-94B9-685B8514C000}.Debug|Any CPU.ActiveCfg = Debug|Any CPU
		{D01EBA6A-D1F5-43B9-94B9-685B8514C000}.Debug|Any CPU.Build.0 = Debug|Any CPU
		{D01EBA6A-D1F5-43B9-94B9-685B8514C000}.Release|Any CPU.ActiveCfg = Release|Any CPU
		{D01EBA6A-D1F5-43B9-94B9-685B8514C000}.Release|Any CPU.Build.0 = Release|Any CPU
		{C0521254-69B8-42C9-9C5A-C0AFB3CD077B}.Debug|Any CPU.ActiveCfg = Debug|Any CPU
		{C0521254-69B8-42C9-9C5A-C0AFB3CD077B}.Debug|Any CPU.Build.0 = Debug|Any CPU
		{C0521254-69B8-42C9-9C5A-C0AFB3CD077B}.Release|Any CPU.ActiveCfg = Release|Any CPU
		{C0521254-69B8-42C9-9C5A-C0AFB3CD077B}.Release|Any CPU.Build.0 = Release|Any CPU
		{0DF11AC7-3049-458F-B8FD-5412123905DD}.Debug|Any CPU.ActiveCfg = Debug|Any CPU
		{0DF11AC7-3049-458F-B8FD-5412123905DD}.Debug|Any CPU.Build.0 = Debug|Any CPU
		{0DF11AC7-3049-458F-B8FD-5412123905DD}.Release|Any CPU.ActiveCfg = Release|Any CPU
		{0DF11AC7-3049-458F-B8FD-5412123905DD}.Release|Any CPU.Build.0 = Release|Any CPU
		{C851B570-FABB-49A5-ADB1-1CB2AD45F3BA}.Debug|Any CPU.ActiveCfg = Debug|Any CPU
		{C851B570-FABB-49A5-ADB1-1CB2AD45F3BA}.Debug|Any CPU.Build.0 = Debug|Any CPU
		{C851B570-FABB-49A5-ADB1-1CB2AD45F3BA}.Release|Any CPU.ActiveCfg = Release|Any CPU
		{C851B570-FABB-49A5-ADB1-1CB2AD45F3BA}.Release|Any CPU.Build.0 = Release|Any CPU
		{B5FC9E20-8C60-4C14-A939-63E1285BC3E5}.Debug|Any CPU.ActiveCfg = Debug|Any CPU
		{B5FC9E20-8C60-4C14-A939-63E1285BC3E5}.Debug|Any CPU.Build.0 = Debug|Any CPU
		{B5FC9E20-8C60-4C14-A939-63E1285BC3E5}.Release|Any CPU.ActiveCfg = Release|Any CPU
		{B5FC9E20-8C60-4C14-A939-63E1285BC3E5}.Release|Any CPU.Build.0 = Release|Any CPU
		{214BFE19-DE6F-44D9-A265-F421E7E009B3}.Debug|Any CPU.ActiveCfg = Debug|Any CPU
		{214BFE19-DE6F-44D9-A265-F421E7E009B3}.Debug|Any CPU.Build.0 = Debug|Any CPU
		{214BFE19-DE6F-44D9-A265-F421E7E009B3}.Release|Any CPU.ActiveCfg = Release|Any CPU
		{214BFE19-DE6F-44D9-A265-F421E7E009B3}.Release|Any CPU.Build.0 = Release|Any CPU
		{54EE45F2-59FF-400B-9C72-7688FBF07B3C}.Debug|Any CPU.ActiveCfg = Debug|Any CPU
		{54EE45F2-59FF-400B-9C72-7688FBF07B3C}.Debug|Any CPU.Build.0 = Debug|Any CPU
		{54EE45F2-59FF-400B-9C72-7688FBF07B3C}.Release|Any CPU.ActiveCfg = Release|Any CPU
		{54EE45F2-59FF-400B-9C72-7688FBF07B3C}.Release|Any CPU.Build.0 = Release|Any CPU
		{24AAFFE3-DFB2-465A-9105-81693BBB3662}.Debug|Any CPU.ActiveCfg = Debug|Any CPU
		{24AAFFE3-DFB2-465A-9105-81693BBB3662}.Debug|Any CPU.Build.0 = Debug|Any CPU
		{24AAFFE3-DFB2-465A-9105-81693BBB3662}.Release|Any CPU.ActiveCfg = Release|Any CPU
		{24AAFFE3-DFB2-465A-9105-81693BBB3662}.Release|Any CPU.Build.0 = Release|Any CPU
		{4DCEC87C-ACB9-4809-AF41-8F085010E64E}.Debug|Any CPU.ActiveCfg = Debug|Any CPU
		{4DCEC87C-ACB9-4809-AF41-8F085010E64E}.Debug|Any CPU.Build.0 = Debug|Any CPU
		{4DCEC87C-ACB9-4809-AF41-8F085010E64E}.Release|Any CPU.ActiveCfg = Release|Any CPU
		{4DCEC87C-ACB9-4809-AF41-8F085010E64E}.Release|Any CPU.Build.0 = Release|Any CPU
		{DCC44B26-991A-482B-B4BB-A1A0AB0C6AFD}.Debug|Any CPU.ActiveCfg = Debug|Any CPU
		{DCC44B26-991A-482B-B4BB-A1A0AB0C6AFD}.Debug|Any CPU.Build.0 = Debug|Any CPU
		{DCC44B26-991A-482B-B4BB-A1A0AB0C6AFD}.Release|Any CPU.ActiveCfg = Release|Any CPU
		{DCC44B26-991A-482B-B4BB-A1A0AB0C6AFD}.Release|Any CPU.Build.0 = Release|Any CPU
		{0F4C3221-12DF-46C0-A5C7-F1ED23293019}.Debug|Any CPU.ActiveCfg = Debug|Any CPU
		{0F4C3221-12DF-46C0-A5C7-F1ED23293019}.Debug|Any CPU.Build.0 = Debug|Any CPU
		{0F4C3221-12DF-46C0-A5C7-F1ED23293019}.Release|Any CPU.ActiveCfg = Release|Any CPU
		{0F4C3221-12DF-46C0-A5C7-F1ED23293019}.Release|Any CPU.Build.0 = Release|Any CPU
	EndGlobalSection
	GlobalSection(SolutionProperties) = preSolution
		HideSolutionNode = FALSE
	EndGlobalSection
	GlobalSection(ExtensibilityGlobals) = postSolution
		SolutionGuid = {226A8AF7-097F-4856-86E7-CF901E0C5E8D}
	EndGlobalSection
EndGlobal
